// !$*UTF8*$!
{
	archiveVersion = 1;
	classes = {
	};
	objectVersion = 46;
	objects = {

/* Begin PBXBuildFile section */
		21C1A86E197803D20006E03E /* Foundation.framework in Frameworks */ = {isa = PBXBuildFile; fileRef = 21C1A86D197803D20006E03E /* Foundation.framework */; };
		21C1A870197803D20006E03E /* CoreGraphics.framework in Frameworks */ = {isa = PBXBuildFile; fileRef = 21C1A86F197803D20006E03E /* CoreGraphics.framework */; };
		21C1A872197803D20006E03E /* UIKit.framework in Frameworks */ = {isa = PBXBuildFile; fileRef = 21C1A871197803D20006E03E /* UIKit.framework */; };
		21C1A8AE1978047E0006E03E /* AGEventsViewController.m in Sources */ = {isa = PBXBuildFile; fileRef = 21C1A8AB1978047E0006E03E /* AGEventsViewController.m */; };
		21C1A8AF1978047E0006E03E /* AGPlansViewController.m in Sources */ = {isa = PBXBuildFile; fileRef = 21C1A8AD1978047E0006E03E /* AGPlansViewController.m */; };
		21C1A8B2197804870006E03E /* AGAppDelegate.m in Sources */ = {isa = PBXBuildFile; fileRef = 21C1A8B1197804870006E03E /* AGAppDelegate.m */; };
		21C1A8B5197804910006E03E /* Images.xcassets in Resources */ = {isa = PBXBuildFile; fileRef = 21C1A8B3197804910006E03E /* Images.xcassets */; };
		21C1A8B6197804910006E03E /* Main.storyboard in Resources */ = {isa = PBXBuildFile; fileRef = 21C1A8B4197804910006E03E /* Main.storyboard */; };
		21C1A8B9197804A40006E03E /* Ask&Go.plist in Resources */ = {isa = PBXBuildFile; fileRef = 21C1A8B7197804A30006E03E /* Ask&Go.plist */; };
		21C1A8BA197804A40006E03E /* main.m in Sources */ = {isa = PBXBuildFile; fileRef = 21C1A8B8197804A40006E03E /* main.m */; };
		21C1A8BD197805DE0006E03E /* AGHistoryViewController.m in Sources */ = {isa = PBXBuildFile; fileRef = 21C1A8BC197805DE0006E03E /* AGHistoryViewController.m */; };
		21C1A8C0197805F50006E03E /* AGNotificationsViewController.m in Sources */ = {isa = PBXBuildFile; fileRef = 21C1A8BF197805F50006E03E /* AGNotificationsViewController.m */; };
		21C1A8C31978060A0006E03E /* AGAccountViewController.m in Sources */ = {isa = PBXBuildFile; fileRef = 21C1A8C21978060A0006E03E /* AGAccountViewController.m */; };
		21C1A8C8197808CF0006E03E /* AGDatabase.xcdatamodeld in Sources */ = {isa = PBXBuildFile; fileRef = 21C1A8C6197808CF0006E03E /* AGDatabase.xcdatamodeld */; };
		21C1A8D6197919480006E03E /* AGDatabaseFacade.m in Sources */ = {isa = PBXBuildFile; fileRef = 21C1A8D5197919480006E03E /* AGDatabaseFacade.m */; };
		21C1A8E1197922F30006E03E /* AGEntityProfile+DTO.mm in Sources */ = {isa = PBXBuildFile; fileRef = 21C1A8E0197922F30006E03E /* AGEntityProfile+DTO.mm */; };
		21C1A8E419792BF90006E03E /* AGEntityProfile.m in Sources */ = {isa = PBXBuildFile; fileRef = 21C1A8E319792BF90006E03E /* AGEntityProfile.m */; };
		460DD307FC4044EC935A312E /* libPods.a in Frameworks */ = {isa = PBXBuildFile; fileRef = 9182B5F9C8A449B394A86181 /* libPods.a */; };
/* End PBXBuildFile section */

/* Begin PBXFileReference section */
		21C1A86A197803D20006E03E /* Ask&Go.app */ = {isa = PBXFileReference; explicitFileType = wrapper.application; includeInIndex = 0; path = "Ask&Go.app"; sourceTree = BUILT_PRODUCTS_DIR; };
		21C1A86D197803D20006E03E /* Foundation.framework */ = {isa = PBXFileReference; lastKnownFileType = wrapper.framework; name = Foundation.framework; path = System/Library/Frameworks/Foundation.framework; sourceTree = SDKROOT; };
		21C1A86F197803D20006E03E /* CoreGraphics.framework */ = {isa = PBXFileReference; lastKnownFileType = wrapper.framework; name = CoreGraphics.framework; path = System/Library/Frameworks/CoreGraphics.framework; sourceTree = SDKROOT; };
		21C1A871197803D20006E03E /* UIKit.framework */ = {isa = PBXFileReference; lastKnownFileType = wrapper.framework; name = UIKit.framework; path = System/Library/Frameworks/UIKit.framework; sourceTree = SDKROOT; };
		21C1A88F197803D20006E03E /* XCTest.framework */ = {isa = PBXFileReference; lastKnownFileType = wrapper.framework; name = XCTest.framework; path = Library/Frameworks/XCTest.framework; sourceTree = DEVELOPER_DIR; };
		21C1A8AA1978047E0006E03E /* AGEventsViewController.h */ = {isa = PBXFileReference; fileEncoding = 4; lastKnownFileType = sourcecode.c.h; name = AGEventsViewController.h; path = Sources/AGEventsViewController.h; sourceTree = "<group>"; };
		21C1A8AB1978047E0006E03E /* AGEventsViewController.m */ = {isa = PBXFileReference; fileEncoding = 4; lastKnownFileType = sourcecode.c.objc; name = AGEventsViewController.m; path = Sources/AGEventsViewController.m; sourceTree = "<group>"; };
		21C1A8AC1978047E0006E03E /* AGPlansViewController.h */ = {isa = PBXFileReference; fileEncoding = 4; lastKnownFileType = sourcecode.c.h; name = AGPlansViewController.h; path = Sources/AGPlansViewController.h; sourceTree = "<group>"; };
		21C1A8AD1978047E0006E03E /* AGPlansViewController.m */ = {isa = PBXFileReference; fileEncoding = 4; lastKnownFileType = sourcecode.c.objc; name = AGPlansViewController.m; path = Sources/AGPlansViewController.m; sourceTree = "<group>"; };
		21C1A8B0197804870006E03E /* AGAppDelegate.h */ = {isa = PBXFileReference; fileEncoding = 4; lastKnownFileType = sourcecode.c.h; name = AGAppDelegate.h; path = Sources/AGAppDelegate.h; sourceTree = "<group>"; };
		21C1A8B1197804870006E03E /* AGAppDelegate.m */ = {isa = PBXFileReference; fileEncoding = 4; lastKnownFileType = sourcecode.c.objc; name = AGAppDelegate.m; path = Sources/AGAppDelegate.m; sourceTree = "<group>"; };
		21C1A8B3197804910006E03E /* Images.xcassets */ = {isa = PBXFileReference; lastKnownFileType = folder.assetcatalog; name = Images.xcassets; path = Resources/Images.xcassets; sourceTree = "<group>"; };
		21C1A8B4197804910006E03E /* Main.storyboard */ = {isa = PBXFileReference; fileEncoding = 4; lastKnownFileType = file.storyboard; name = Main.storyboard; path = Resources/Main.storyboard; sourceTree = "<group>"; };
		21C1A8B7197804A30006E03E /* Ask&Go.plist */ = {isa = PBXFileReference; fileEncoding = 4; lastKnownFileType = text.plist.xml; name = "Ask&Go.plist"; path = "Support/Ask&Go.plist"; sourceTree = "<group>"; };
		21C1A8B8197804A40006E03E /* main.m */ = {isa = PBXFileReference; fileEncoding = 4; lastKnownFileType = sourcecode.c.objc; name = main.m; path = Support/main.m; sourceTree = "<group>"; };
		21C1A8BB197805DE0006E03E /* AGHistoryViewController.h */ = {isa = PBXFileReference; fileEncoding = 4; lastKnownFileType = sourcecode.c.h; name = AGHistoryViewController.h; path = Sources/AGHistoryViewController.h; sourceTree = "<group>"; };
		21C1A8BC197805DE0006E03E /* AGHistoryViewController.m */ = {isa = PBXFileReference; fileEncoding = 4; lastKnownFileType = sourcecode.c.objc; name = AGHistoryViewController.m; path = Sources/AGHistoryViewController.m; sourceTree = "<group>"; };
		21C1A8BE197805F50006E03E /* AGNotificationsViewController.h */ = {isa = PBXFileReference; fileEncoding = 4; lastKnownFileType = sourcecode.c.h; name = AGNotificationsViewController.h; path = Sources/AGNotificationsViewController.h; sourceTree = "<group>"; };
		21C1A8BF197805F50006E03E /* AGNotificationsViewController.m */ = {isa = PBXFileReference; fileEncoding = 4; lastKnownFileType = sourcecode.c.objc; name = AGNotificationsViewController.m; path = Sources/AGNotificationsViewController.m; sourceTree = "<group>"; };
		21C1A8C11978060A0006E03E /* AGAccountViewController.h */ = {isa = PBXFileReference; fileEncoding = 4; lastKnownFileType = sourcecode.c.h; name = AGAccountViewController.h; path = Sources/AGAccountViewController.h; sourceTree = "<group>"; };
		21C1A8C21978060A0006E03E /* AGAccountViewController.m */ = {isa = PBXFileReference; fileEncoding = 4; lastKnownFileType = sourcecode.c.objc; name = AGAccountViewController.m; path = Sources/AGAccountViewController.m; sourceTree = "<group>"; };
		21C1A8C7197808CF0006E03E /* AGDatabase.xcdatamodel */ = {isa = PBXFileReference; lastKnownFileType = wrapper.xcdatamodel; path = AGDatabase.xcdatamodel; sourceTree = "<group>"; };
		21C1A8D4197919480006E03E /* AGDatabaseFacade.h */ = {isa = PBXFileReference; fileEncoding = 4; lastKnownFileType = sourcecode.c.h; name = AGDatabaseFacade.h; path = Sources/AGDatabaseFacade.h; sourceTree = "<group>"; };
		21C1A8D5197919480006E03E /* AGDatabaseFacade.m */ = {isa = PBXFileReference; fileEncoding = 4; lastKnownFileType = sourcecode.c.objc; name = AGDatabaseFacade.m; path = Sources/AGDatabaseFacade.m; sourceTree = "<group>"; };
		21C1A8D7197919810006E03E /* AGDatabaseImporter.h */ = {isa = PBXFileReference; lastKnownFileType = sourcecode.c.h; name = AGDatabaseImporter.h; path = Sources/AGDatabaseImporter.h; sourceTree = "<group>"; };
		21C1A8D81979199A0006E03E /* AGDatabaseAccessor.h */ = {isa = PBXFileReference; lastKnownFileType = sourcecode.c.h; name = AGDatabaseAccessor.h; path = Sources/AGDatabaseAccessor.h; sourceTree = "<group>"; };
		21C1A8DD19791BFE0006E03E /* AGDatabaseEntitiesCommon.h */ = {isa = PBXFileReference; lastKnownFileType = sourcecode.c.h; name = AGDatabaseEntitiesCommon.h; path = Sources/AGDatabaseEntitiesCommon.h; sourceTree = "<group>"; };
		21C1A8DF197922340006E03E /* AGEntityProfile+DTO.h */ = {isa = PBXFileReference; lastKnownFileType = sourcecode.c.h; name = "AGEntityProfile+DTO.h"; path = "Sources/AGEntityProfile+DTO.h"; sourceTree = "<group>"; };
		21C1A8E0197922F30006E03E /* AGEntityProfile+DTO.mm */ = {isa = PBXFileReference; fileEncoding = 4; lastKnownFileType = sourcecode.cpp.objcpp; name = "AGEntityProfile+DTO.mm"; path = "Sources/AGEntityProfile+DTO.mm"; sourceTree = "<group>"; };
		21C1A8E219792BF90006E03E /* AGEntityProfile.h */ = {isa = PBXFileReference; fileEncoding = 4; lastKnownFileType = sourcecode.c.h; name = AGEntityProfile.h; path = Sources/AGEntityProfile.h; sourceTree = "<group>"; };
		21C1A8E319792BF90006E03E /* AGEntityProfile.m */ = {isa = PBXFileReference; fileEncoding = 4; lastKnownFileType = sourcecode.c.objc; name = AGEntityProfile.m; path = Sources/AGEntityProfile.m; sourceTree = "<group>"; };
		9182B5F9C8A449B394A86181 /* libPods.a */ = {isa = PBXFileReference; explicitFileType = archive.ar; includeInIndex = 0; path = libPods.a; sourceTree = BUILT_PRODUCTS_DIR; };
		C63F7D435BAC4B5D81FF18F8 /* Pods.xcconfig */ = {isa = PBXFileReference; includeInIndex = 1; lastKnownFileType = text.xcconfig; name = Pods.xcconfig; path = Pods/Pods.xcconfig; sourceTree = "<group>"; };
/* End PBXFileReference section */

/* Begin PBXFrameworksBuildPhase section */
		21C1A867197803D20006E03E /* Frameworks */ = {
			isa = PBXFrameworksBuildPhase;
			buildActionMask = 2147483647;
			files = (
				21C1A870197803D20006E03E /* CoreGraphics.framework in Frameworks */,
				21C1A872197803D20006E03E /* UIKit.framework in Frameworks */,
				21C1A86E197803D20006E03E /* Foundation.framework in Frameworks */,
				460DD307FC4044EC935A312E /* libPods.a in Frameworks */,
			);
			runOnlyForDeploymentPostprocessing = 0;
		};
/* End PBXFrameworksBuildPhase section */

/* Begin PBXGroup section */
		21C1A861197803D20006E03E = {
			isa = PBXGroup;
			children = (
				21C1A8A51978043D0006E03E /* Sources */,
				21C1A8A71978044F0006E03E /* Resources */,
				21C1A8A81978045C0006E03E /* Libraries */,
				21C1A8A9197804640006E03E /* Support */,
				21C1A86C197803D20006E03E /* Frameworks */,
				21C1A86B197803D20006E03E /* Products */,
				C63F7D435BAC4B5D81FF18F8 /* Pods.xcconfig */,
			);
			sourceTree = "<group>";
		};
		21C1A86B197803D20006E03E /* Products */ = {
			isa = PBXGroup;
			children = (
				21C1A86A197803D20006E03E /* Ask&Go.app */,
			);
			name = Products;
			sourceTree = "<group>";
		};
		21C1A86C197803D20006E03E /* Frameworks */ = {
			isa = PBXGroup;
			children = (
				21C1A86D197803D20006E03E /* Foundation.framework */,
				21C1A86F197803D20006E03E /* CoreGraphics.framework */,
				21C1A871197803D20006E03E /* UIKit.framework */,
				21C1A88F197803D20006E03E /* XCTest.framework */,
				9182B5F9C8A449B394A86181 /* libPods.a */,
			);
			name = Frameworks;
			sourceTree = "<group>";
		};
		21C1A8A51978043D0006E03E /* Sources */ = {
			isa = PBXGroup;
			children = (
				21C1A8C4197808660006E03E /* Database */,
				21C1A8A6197804430006E03E /* Controllers */,
				21C1A8B0197804870006E03E /* AGAppDelegate.h */,
				21C1A8B1197804870006E03E /* AGAppDelegate.m */,
			);
			name = Sources;
			sourceTree = "<group>";
		};
		21C1A8A6197804430006E03E /* Controllers */ = {
			isa = PBXGroup;
			children = (
				21C1A8AA1978047E0006E03E /* AGEventsViewController.h */,
				21C1A8AB1978047E0006E03E /* AGEventsViewController.m */,
				21C1A8AC1978047E0006E03E /* AGPlansViewController.h */,
				21C1A8AD1978047E0006E03E /* AGPlansViewController.m */,
				21C1A8BB197805DE0006E03E /* AGHistoryViewController.h */,
				21C1A8BC197805DE0006E03E /* AGHistoryViewController.m */,
				21C1A8BE197805F50006E03E /* AGNotificationsViewController.h */,
				21C1A8BF197805F50006E03E /* AGNotificationsViewController.m */,
				21C1A8C11978060A0006E03E /* AGAccountViewController.h */,
				21C1A8C21978060A0006E03E /* AGAccountViewController.m */,
			);
			name = Controllers;
			sourceTree = "<group>";
		};
		21C1A8A71978044F0006E03E /* Resources */ = {
			isa = PBXGroup;
			children = (
				21C1A8B4197804910006E03E /* Main.storyboard */,
				21C1A8B3197804910006E03E /* Images.xcassets */,
			);
			name = Resources;
			sourceTree = "<group>";
		};
		21C1A8A81978045C0006E03E /* Libraries */ = {
			isa = PBXGroup;
			children = (
			);
			name = Libraries;
			sourceTree = "<group>";
		};
		21C1A8A9197804640006E03E /* Support */ = {
			isa = PBXGroup;
			children = (
				21C1A8B7197804A30006E03E /* Ask&Go.plist */,
				21C1A8B8197804A40006E03E /* main.m */,
			);
			name = Support;
			sourceTree = "<group>";
		};
		21C1A8C4197808660006E03E /* Database */ = {
			isa = PBXGroup;
			children = (
				21C1A8DE197922030006E03E /* EntitiesExtensions */,
				21C1A8D919791A530006E03E /* Entities */,
				21C1A8C51978086D0006E03E /* Model */,
				21C1A8DD19791BFE0006E03E /* AGDatabaseEntitiesCommon.h */,
				21C1A8D7197919810006E03E /* AGDatabaseImporter.h */,
				21C1A8D81979199A0006E03E /* AGDatabaseAccessor.h */,
				21C1A8D4197919480006E03E /* AGDatabaseFacade.h */,
				21C1A8D5197919480006E03E /* AGDatabaseFacade.m */,
			);
			name = Database;
			sourceTree = "<group>";
		};
		21C1A8C51978086D0006E03E /* Model */ = {
			isa = PBXGroup;
			children = (
				21C1A8C6197808CF0006E03E /* AGDatabase.xcdatamodeld */,
			);
			name = Model;
			sourceTree = "<group>";
		};
		21C1A8D919791A530006E03E /* Entities */ = {
			isa = PBXGroup;
			children = (
				21C1A8E219792BF90006E03E /* AGEntityProfile.h */,
				21C1A8E319792BF90006E03E /* AGEntityProfile.m */,
			);
			name = Entities;
			sourceTree = "<group>";
		};
		21C1A8DE197922030006E03E /* EntitiesExtensions */ = {
			isa = PBXGroup;
			children = (
				21C1A8DF197922340006E03E /* AGEntityProfile+DTO.h */,
				21C1A8E0197922F30006E03E /* AGEntityProfile+DTO.mm */,
			);
			name = EntitiesExtensions;
			sourceTree = "<group>";
		};
/* End PBXGroup section */

/* Begin PBXNativeTarget section */
		21C1A869197803D20006E03E /* Ask&Go */ = {
			isa = PBXNativeTarget;
			buildConfigurationList = 21C1A89F197803D20006E03E /* Build configuration list for PBXNativeTarget "Ask&Go" */;
			buildPhases = (
				5852BC8EAACC46F1829DB7FF /* Check Pods Manifest.lock */,
				21C1A866197803D20006E03E /* Sources */,
				21C1A867197803D20006E03E /* Frameworks */,
				21C1A868197803D20006E03E /* Resources */,
				8BC3E51E1BA447B681F9F449 /* Copy Pods Resources */,
			);
			buildRules = (
			);
			dependencies = (
			);
			name = "Ask&Go";
			productName = "Ask&Go";
			productReference = 21C1A86A197803D20006E03E /* Ask&Go.app */;
			productType = "com.apple.product-type.application";
		};
/* End PBXNativeTarget section */

/* Begin PBXProject section */
		21C1A862197803D20006E03E /* Project object */ = {
			isa = PBXProject;
			attributes = {
				CLASSPREFIX = AG;
				LastUpgradeCheck = 0510;
				ORGANIZATIONNAME = sergey.sergeev;
			};
			buildConfigurationList = 21C1A865197803D20006E03E /* Build configuration list for PBXProject "Ask&Go" */;
			compatibilityVersion = "Xcode 3.2";
			developmentRegion = English;
			hasScannedForEncodings = 0;
			knownRegions = (
				en,
				Base,
			);
			mainGroup = 21C1A861197803D20006E03E;
			productRefGroup = 21C1A86B197803D20006E03E /* Products */;
			projectDirPath = "";
			projectRoot = "";
			targets = (
				21C1A869197803D20006E03E /* Ask&Go */,
			);
		};
/* End PBXProject section */

/* Begin PBXResourcesBuildPhase section */
		21C1A868197803D20006E03E /* Resources */ = {
			isa = PBXResourcesBuildPhase;
			buildActionMask = 2147483647;
			files = (
				21C1A8B9197804A40006E03E /* Ask&Go.plist in Resources */,
				21C1A8B5197804910006E03E /* Images.xcassets in Resources */,
				21C1A8B6197804910006E03E /* Main.storyboard in Resources */,
			);
			runOnlyForDeploymentPostprocessing = 0;
		};
/* End PBXResourcesBuildPhase section */

/* Begin PBXShellScriptBuildPhase section */
		5852BC8EAACC46F1829DB7FF /* Check Pods Manifest.lock */ = {
			isa = PBXShellScriptBuildPhase;
			buildActionMask = 2147483647;
			files = (
			);
			inputPaths = (
			);
			name = "Check Pods Manifest.lock";
			outputPaths = (
			);
			runOnlyForDeploymentPostprocessing = 0;
			shellPath = /bin/sh;
			shellScript = "diff \"${PODS_ROOT}/../Podfile.lock\" \"${PODS_ROOT}/Manifest.lock\" > /dev/null\nif [[ $? != 0 ]] ; then\n    cat << EOM\nerror: The sandbox is not in sync with the Podfile.lock. Run 'pod install' or update your CocoaPods installation.\nEOM\n    exit 1\nfi\n";
			showEnvVarsInLog = 0;
		};
		8BC3E51E1BA447B681F9F449 /* Copy Pods Resources */ = {
			isa = PBXShellScriptBuildPhase;
			buildActionMask = 2147483647;
			files = (
			);
			inputPaths = (
			);
			name = "Copy Pods Resources";
			outputPaths = (
			);
			runOnlyForDeploymentPostprocessing = 0;
			shellPath = /bin/sh;
			shellScript = "\"${SRCROOT}/Pods/Pods-resources.sh\"\n";
			showEnvVarsInLog = 0;
		};
/* End PBXShellScriptBuildPhase section */

/* Begin PBXSourcesBuildPhase section */
		21C1A866197803D20006E03E /* Sources */ = {
			isa = PBXSourcesBuildPhase;
			buildActionMask = 2147483647;
			files = (
				21C1A8BD197805DE0006E03E /* AGHistoryViewController.m in Sources */,
				21C1A8E419792BF90006E03E /* AGEntityProfile.m in Sources */,
				21C1A8B2197804870006E03E /* AGAppDelegate.m in Sources */,
				21C1A8AF1978047E0006E03E /* AGPlansViewController.m in Sources */,
				21C1A8BA197804A40006E03E /* main.m in Sources */,
				21C1A8D6197919480006E03E /* AGDatabaseFacade.m in Sources */,
				21C1A8C8197808CF0006E03E /* AGDatabase.xcdatamodeld in Sources */,
				21C1A8AE1978047E0006E03E /* AGEventsViewController.m in Sources */,
				21C1A8C0197805F50006E03E /* AGNotificationsViewController.m in Sources */,
				21C1A8E1197922F30006E03E /* AGEntityProfile+DTO.mm in Sources */,
				21C1A8C31978060A0006E03E /* AGAccountViewController.m in Sources */,
			);
			runOnlyForDeploymentPostprocessing = 0;
		};
/* End PBXSourcesBuildPhase section */

/* Begin XCBuildConfiguration section */
		21C1A89D197803D20006E03E /* Debug */ = {
			isa = XCBuildConfiguration;
			buildSettings = {
				ALWAYS_SEARCH_USER_PATHS = NO;
				CLANG_CXX_LANGUAGE_STANDARD = "gnu++0x";
				CLANG_CXX_LIBRARY = "libc++";
				CLANG_ENABLE_MODULES = YES;
				CLANG_ENABLE_OBJC_ARC = YES;
				CLANG_WARN_BOOL_CONVERSION = YES;
				CLANG_WARN_CONSTANT_CONVERSION = YES;
				CLANG_WARN_DIRECT_OBJC_ISA_USAGE = YES_ERROR;
				CLANG_WARN_EMPTY_BODY = YES;
				CLANG_WARN_ENUM_CONVERSION = YES;
				CLANG_WARN_INT_CONVERSION = YES;
				CLANG_WARN_OBJC_ROOT_CLASS = YES_ERROR;
				CLANG_WARN__DUPLICATE_METHOD_MATCH = YES;
				"CODE_SIGN_IDENTITY[sdk=iphoneos*]" = "iPhone Developer";
				COPY_PHASE_STRIP = NO;
				GCC_C_LANGUAGE_STANDARD = gnu99;
				GCC_DYNAMIC_NO_PIC = NO;
				GCC_OPTIMIZATION_LEVEL = 0;
				GCC_PREPROCESSOR_DEFINITIONS = (
					"DEBUG=1",
					"$(inherited)",
				);
				GCC_SYMBOLS_PRIVATE_EXTERN = NO;
				GCC_WARN_64_TO_32_BIT_CONVERSION = YES;
				GCC_WARN_ABOUT_RETURN_TYPE = YES_ERROR;
				GCC_WARN_UNDECLARED_SELECTOR = YES;
				GCC_WARN_UNINITIALIZED_AUTOS = YES_AGGRESSIVE;
				GCC_WARN_UNUSED_FUNCTION = YES;
				GCC_WARN_UNUSED_VARIABLE = YES;
				IPHONEOS_DEPLOYMENT_TARGET = 7.1;
				ONLY_ACTIVE_ARCH = YES;
				SDKROOT = iphoneos;
			};
			name = Debug;
		};
		21C1A89E197803D20006E03E /* Release */ = {
			isa = XCBuildConfiguration;
			buildSettings = {
				ALWAYS_SEARCH_USER_PATHS = NO;
				CLANG_CXX_LANGUAGE_STANDARD = "gnu++0x";
				CLANG_CXX_LIBRARY = "libc++";
				CLANG_ENABLE_MODULES = YES;
				CLANG_ENABLE_OBJC_ARC = YES;
				CLANG_WARN_BOOL_CONVERSION = YES;
				CLANG_WARN_CONSTANT_CONVERSION = YES;
				CLANG_WARN_DIRECT_OBJC_ISA_USAGE = YES_ERROR;
				CLANG_WARN_EMPTY_BODY = YES;
				CLANG_WARN_ENUM_CONVERSION = YES;
				CLANG_WARN_INT_CONVERSION = YES;
				CLANG_WARN_OBJC_ROOT_CLASS = YES_ERROR;
				CLANG_WARN__DUPLICATE_METHOD_MATCH = YES;
				"CODE_SIGN_IDENTITY[sdk=iphoneos*]" = "iPhone Developer";
				COPY_PHASE_STRIP = YES;
				ENABLE_NS_ASSERTIONS = NO;
				GCC_C_LANGUAGE_STANDARD = gnu99;
				GCC_WARN_64_TO_32_BIT_CONVERSION = YES;
				GCC_WARN_ABOUT_RETURN_TYPE = YES_ERROR;
				GCC_WARN_UNDECLARED_SELECTOR = YES;
				GCC_WARN_UNINITIALIZED_AUTOS = YES_AGGRESSIVE;
				GCC_WARN_UNUSED_FUNCTION = YES;
				GCC_WARN_UNUSED_VARIABLE = YES;
				IPHONEOS_DEPLOYMENT_TARGET = 7.1;
				SDKROOT = iphoneos;
				VALIDATE_PRODUCT = YES;
			};
			name = Release;
		};
		21C1A8A0197803D20006E03E /* Debug */ = {
			isa = XCBuildConfiguration;
			baseConfigurationReference = C63F7D435BAC4B5D81FF18F8 /* Pods.xcconfig */;
			buildSettings = {
				ASSETCATALOG_COMPILER_APPICON_NAME = AppIcon;
				ASSETCATALOG_COMPILER_LAUNCHIMAGE_NAME = LaunchImage;
				GCC_PRECOMPILE_PREFIX_HEADER = NO;
				INFOPLIST_FILE = "$(SRCROOT)/Support/Ask&Go.plist";
				IPHONEOS_DEPLOYMENT_TARGET = 7.0;
				PRODUCT_NAME = "$(TARGET_NAME)";
				WRAPPER_EXTENSION = app;
			};
			name = Debug;
		};
		21C1A8A1197803D20006E03E /* Release */ = {
			isa = XCBuildConfiguration;
			baseConfigurationReference = C63F7D435BAC4B5D81FF18F8 /* Pods.xcconfig */;
			buildSettings = {
				ASSETCATALOG_COMPILER_APPICON_NAME = AppIcon;
				ASSETCATALOG_COMPILER_LAUNCHIMAGE_NAME = LaunchImage;
				GCC_PRECOMPILE_PREFIX_HEADER = NO;
				INFOPLIST_FILE = "$(SRCROOT)/Support/Ask&Go.plist";
				IPHONEOS_DEPLOYMENT_TARGET = 7.0;
				PRODUCT_NAME = "$(TARGET_NAME)";
				WRAPPER_EXTENSION = app;
			};
			name = Release;
		};
/* End XCBuildConfiguration section */

/* Begin XCConfigurationList section */
		21C1A865197803D20006E03E /* Build configuration list for PBXProject "Ask&Go" */ = {
			isa = XCConfigurationList;
			buildConfigurations = (
				21C1A89D197803D20006E03E /* Debug */,
				21C1A89E197803D20006E03E /* Release */,
			);
			defaultConfigurationIsVisible = 0;
			defaultConfigurationName = Release;
		};
		21C1A89F197803D20006E03E /* Build configuration list for PBXNativeTarget "Ask&Go" */ = {
			isa = XCConfigurationList;
			buildConfigurations = (
				21C1A8A0197803D20006E03E /* Debug */,
				21C1A8A1197803D20006E03E /* Release */,
			);
			defaultConfigurationIsVisible = 0;
			defaultConfigurationName = Release;
		};
/* End XCConfigurationList section */

/* Begin XCVersionGroup section */
		21C1A8C6197808CF0006E03E /* AGDatabase.xcdatamodeld */ = {
			isa = XCVersionGroup;
			children = (
				21C1A8C7197808CF0006E03E /* AGDatabase.xcdatamodel */,
			);
			currentVersion = 21C1A8C7197808CF0006E03E /* AGDatabase.xcdatamodel */;
			name = AGDatabase.xcdatamodeld;
			path = Resources/AGDatabase.xcdatamodeld;
			sourceTree = "<group>";
			versionGroupType = wrapper.xcdatamodel;
		};
/* End XCVersionGroup section */
	};
	rootObject = 21C1A862197803D20006E03E /* Project object */;
}
